
Microsoft Visual Studio Solution File, Format Version 12.00
# Visual Studio 2012
Project("{FAE04EC0-301F-11D3-BF4B-00C04F79EFBC}") = "Telegram.Journeys", "Telegram.Journeys\Telegram.Journeys.csproj", "{6C1F15D6-BD26-4D9E-ABB6-1BA3D4935CAE}"
EndProject
Project("{FAE04EC0-301F-11D3-BF4B-00C04F79EFBC}") = "Telegram.Sender", "Telegram.Sender\Telegram.Sender.csproj", "{209F49BA-9F10-4D10-911A-A3A869B583FD}"
EndProject
Project("{FAE04EC0-301F-11D3-BF4B-00C04F79EFBC}") = "Telegram.Recipient", "Telegram.Recipient\Telegram.Recipient.csproj", "{62702321-C90E-4321-A99C-A33578DEAFDC}"
EndProject
Project("{2150E333-8FDC-42A3-9474-1A3956D46DE8}") = ".nuget", ".nuget", "{4A861AAD-D19B-4CCC-85F8-9A694ADC5568}"
	ProjectSection(SolutionItems) = preProject
		.nuget\NuGet.Config = .nuget\NuGet.Config
		.nuget\NuGet.exe = .nuget\NuGet.exe
		.nuget\NuGet.targets = .nuget\NuGet.targets
	EndProjectSection
EndProject
Project("{FAE04EC0-301F-11D3-BF4B-00C04F79EFBC}") = "Telegram.Recipient.IsolatedTests", "Telegram.Recipient.IsolatedTests\Telegram.Recipient.IsolatedTests.csproj", "{60D0E727-DC09-4C8F-AA96-0478D5204DED}"
EndProject
Project("{FAE04EC0-301F-11D3-BF4B-00C04F79EFBC}") = "Telegram.Recipient.ConnectedTests", "Telegram.Recipient.ConnectedTests\Telegram.Recipient.ConnectedTests.csproj", "{0FF9D432-9779-467F-9FBA-D4555C6CC473}"
EndProject
Project("{FAE04EC0-301F-11D3-BF4B-00C04F79EFBC}") = "Telegram.Sender.IsolatedTests", "Telegram.Sender.IsolatedTests\Telegram.Sender.IsolatedTests.csproj", "{CABD5314-73FC-45A9-99DD-2A9DAAB52337}"
EndProject
Project("{FAE04EC0-301F-11D3-BF4B-00C04F79EFBC}") = "Telegram.Configurator", "Telegram.Configurator\Telegram.Configurator.csproj", "{32A333A4-6E40-4BDB-8AA5-E53C98D95B7F}"
EndProject
Project("{FAE04EC0-301F-11D3-BF4B-00C04F79EFBC}") = "Telegram.Configurator.Tests", "Telegram.Configurator.Tests\Telegram.Configurator.Tests.csproj", "{36E9F6DB-2382-465D-BAE5-0A547BA50A2B}"
EndProject
Global
	GlobalSection(SolutionConfigurationPlatforms) = preSolution
		Debug|Any CPU = Debug|Any CPU
		Release|Any CPU = Release|Any CPU
	EndGlobalSection
	GlobalSection(ProjectConfigurationPlatforms) = postSolution
		{6C1F15D6-BD26-4D9E-ABB6-1BA3D4935CAE}.Debug|Any CPU.ActiveCfg = Debug|Any CPU
		{6C1F15D6-BD26-4D9E-ABB6-1BA3D4935CAE}.Debug|Any CPU.Build.0 = Debug|Any CPU
		{6C1F15D6-BD26-4D9E-ABB6-1BA3D4935CAE}.Release|Any CPU.ActiveCfg = Release|Any CPU
		{6C1F15D6-BD26-4D9E-ABB6-1BA3D4935CAE}.Release|Any CPU.Build.0 = Release|Any CPU
		{209F49BA-9F10-4D10-911A-A3A869B583FD}.Debug|Any CPU.ActiveCfg = Debug|Any CPU
		{209F49BA-9F10-4D10-911A-A3A869B583FD}.Debug|Any CPU.Build.0 = Debug|Any CPU
		{209F49BA-9F10-4D10-911A-A3A869B583FD}.Release|Any CPU.ActiveCfg = Release|Any CPU
		{209F49BA-9F10-4D10-911A-A3A869B583FD}.Release|Any CPU.Build.0 = Release|Any CPU
		{62702321-C90E-4321-A99C-A33578DEAFDC}.Debug|Any CPU.ActiveCfg = Debug|Any CPU
		{62702321-C90E-4321-A99C-A33578DEAFDC}.Debug|Any CPU.Build.0 = Debug|Any CPU
		{62702321-C90E-4321-A99C-A33578DEAFDC}.Release|Any CPU.ActiveCfg = Release|Any CPU
		{62702321-C90E-4321-A99C-A33578DEAFDC}.Release|Any CPU.Build.0 = Release|Any CPU
		{60D0E727-DC09-4C8F-AA96-0478D5204DED}.Debug|Any CPU.ActiveCfg = Debug|Any CPU
		{60D0E727-DC09-4C8F-AA96-0478D5204DED}.Debug|Any CPU.Build.0 = Debug|Any CPU
		{60D0E727-DC09-4C8F-AA96-0478D5204DED}.Release|Any CPU.ActiveCfg = Release|Any CPU
		{60D0E727-DC09-4C8F-AA96-0478D5204DED}.Release|Any CPU.Build.0 = Release|Any CPU
		{0FF9D432-9779-467F-9FBA-D4555C6CC473}.Debug|Any CPU.ActiveCfg = Debug|Any CPU
		{0FF9D432-9779-467F-9FBA-D4555C6CC473}.Debug|Any CPU.Build.0 = Debug|Any CPU
		{0FF9D432-9779-467F-9FBA-D4555C6CC473}.Release|Any CPU.ActiveCfg = Release|Any CPU
		{0FF9D432-9779-467F-9FBA-D4555C6CC473}.Release|Any CPU.Build.0 = Release|Any CPU
		{CABD5314-73FC-45A9-99DD-2A9DAAB52337}.Debug|Any CPU.ActiveCfg = Debug|Any CPU
		{CABD5314-73FC-45A9-99DD-2A9DAAB52337}.Debug|Any CPU.Build.0 = Debug|Any CPU
		{CABD5314-73FC-45A9-99DD-2A9DAAB52337}.Release|Any CPU.ActiveCfg = Release|Any CPU
		{CABD5314-73FC-45A9-99DD-2A9DAAB52337}.Release|Any CPU.Build.0 = Release|Any CPU
		{32A333A4-6E40-4BDB-8AA5-E53C98D95B7F}.Debug|Any CPU.ActiveCfg = Debug|Any CPU
		{32A333A4-6E40-4BDB-8AA5-E53C98D95B7F}.Debug|Any CPU.Build.0 = Debug|Any CPU
		{32A333A4-6E40-4BDB-8AA5-E53C98D95B7F}.Release|Any CPU.ActiveCfg = Release|Any CPU
		{32A333A4-6E40-4BDB-8AA5-E53C98D95B7F}.Release|Any CPU.Build.0 = Release|Any CPU
		{36E9F6DB-2382-465D-BAE5-0A547BA50A2B}.Debug|Any CPU.ActiveCfg = Debug|Any CPU
		{36E9F6DB-2382-465D-BAE5-0A547BA50A2B}.Debug|Any CPU.Build.0 = Debug|Any CPU
		{36E9F6DB-2382-465D-BAE5-0A547BA50A2B}.Release|Any CPU.ActiveCfg = Release|Any CPU
		{36E9F6DB-2382-465D-BAE5-0A547BA50A2B}.Release|Any CPU.Build.0 = Release|Any CPU
	EndGlobalSection
	GlobalSection(SolutionProperties) = preSolution
		HideSolutionNode = FALSE
	EndGlobalSection
EndGlobal
